// !$*UTF8*$!
{
	archiveVersion = 1;
	classes = {
	};
	objectVersion = 51;
	objects = {

/* Begin PBXBuildFile section */
		232F8DBD23369621006E665B /* Cabin-Medium.ttf in Resources */ = {isa = PBXBuildFile; fileRef = 232F8D9423369621006E665B /* Cabin-Medium.ttf */; };
		232F8DBE23369621006E665B /* Cabin-SemiBoldItalic.ttf in Resources */ = {isa = PBXBuildFile; fileRef = 232F8D9523369621006E665B /* Cabin-SemiBoldItalic.ttf */; };
		232F8DBF23369621006E665B /* Cabin-SemiBold.ttf in Resources */ = {isa = PBXBuildFile; fileRef = 232F8D9623369621006E665B /* Cabin-SemiBold.ttf */; };
		232F8DC023369621006E665B /* Cabin-MediumItalic.ttf in Resources */ = {isa = PBXBuildFile; fileRef = 232F8D9723369621006E665B /* Cabin-MediumItalic.ttf */; };
		232F8DC123369621006E665B /* Cabin-BoldItalic.ttf in Resources */ = {isa = PBXBuildFile; fileRef = 232F8D9823369621006E665B /* Cabin-BoldItalic.ttf */; };
		232F8DC223369621006E665B /* Cabin-Regular.ttf in Resources */ = {isa = PBXBuildFile; fileRef = 232F8D9923369621006E665B /* Cabin-Regular.ttf */; };
		232F8DC423369621006E665B /* Cabin-Bold.ttf in Resources */ = {isa = PBXBuildFile; fileRef = 232F8D9B23369621006E665B /* Cabin-Bold.ttf */; };
		232F8DC523369621006E665B /* Cabin-RegularItalic.ttf in Resources */ = {isa = PBXBuildFile; fileRef = 232F8D9C23369621006E665B /* Cabin-RegularItalic.ttf */; };
		232F8DC623369621006E665B /* Montserrat-LightItalic.ttf in Resources */ = {isa = PBXBuildFile; fileRef = 232F8D9E23369621006E665B /* Montserrat-LightItalic.ttf */; };
		232F8DC723369621006E665B /* Montserrat-Medium.ttf in Resources */ = {isa = PBXBuildFile; fileRef = 232F8D9F23369621006E665B /* Montserrat-Medium.ttf */; };
		232F8DC823369621006E665B /* Montserrat-BoldItalic.ttf in Resources */ = {isa = PBXBuildFile; fileRef = 232F8DA023369621006E665B /* Montserrat-BoldItalic.ttf */; };
		232F8DC923369621006E665B /* Montserrat-Light.ttf in Resources */ = {isa = PBXBuildFile; fileRef = 232F8DA123369621006E665B /* Montserrat-Light.ttf */; };
		232F8DCA23369621006E665B /* Montserrat-ThinItalic.ttf in Resources */ = {isa = PBXBuildFile; fileRef = 232F8DA223369621006E665B /* Montserrat-ThinItalic.ttf */; };
		232F8DCB23369621006E665B /* Montserrat-ExtraLight.ttf in Resources */ = {isa = PBXBuildFile; fileRef = 232F8DA323369621006E665B /* Montserrat-ExtraLight.ttf */; };
		232F8DCC23369621006E665B /* Montserrat-Thin.ttf in Resources */ = {isa = PBXBuildFile; fileRef = 232F8DA423369621006E665B /* Montserrat-Thin.ttf */; };
		232F8DCD23369621006E665B /* Montserrat-Bold.ttf in Resources */ = {isa = PBXBuildFile; fileRef = 232F8DA523369621006E665B /* Montserrat-Bold.ttf */; };
		232F8DCE23369621006E665B /* Montserrat-MediumItalic.ttf in Resources */ = {isa = PBXBuildFile; fileRef = 232F8DA623369621006E665B /* Montserrat-MediumItalic.ttf */; };
		232F8DCF23369621006E665B /* Montserrat-BlackItalic.ttf in Resources */ = {isa = PBXBuildFile; fileRef = 232F8DA723369621006E665B /* Montserrat-BlackItalic.ttf */; };
		232F8DD023369621006E665B /* Montserrat-RegularItalic.ttf in Resources */ = {isa = PBXBuildFile; fileRef = 232F8DA823369621006E665B /* Montserrat-RegularItalic.ttf */; };
		232F8DD123369621006E665B /* Montserrat-SemiBold.ttf in Resources */ = {isa = PBXBuildFile; fileRef = 232F8DA923369621006E665B /* Montserrat-SemiBold.ttf */; };
		232F8DD223369621006E665B /* Montserrat-ExtraLightItalic.ttf in Resources */ = {isa = PBXBuildFile; fileRef = 232F8DAA23369621006E665B /* Montserrat-ExtraLightItalic.ttf */; };
		232F8DD323369621006E665B /* Montserrat-ExtraBold.ttf in Resources */ = {isa = PBXBuildFile; fileRef = 232F8DAB23369621006E665B /* Montserrat-ExtraBold.ttf */; };
		232F8DD523369621006E665B /* Montserrat-Black.ttf in Resources */ = {isa = PBXBuildFile; fileRef = 232F8DAD23369621006E665B /* Montserrat-Black.ttf */; };
		232F8DD623369621006E665B /* Montserrat-Regular.ttf in Resources */ = {isa = PBXBuildFile; fileRef = 232F8DAE23369621006E665B /* Montserrat-Regular.ttf */; };
		232F8DD723369621006E665B /* Montserrat-SemiBoldItalic.ttf in Resources */ = {isa = PBXBuildFile; fileRef = 232F8DAF23369621006E665B /* Montserrat-SemiBoldItalic.ttf */; };
		232F8DD823369621006E665B /* Montserrat-ExtraBoldItalic.ttf in Resources */ = {isa = PBXBuildFile; fileRef = 232F8DB023369621006E665B /* Montserrat-ExtraBoldItalic.ttf */; };
		232F8DD923369621006E665B /* OpenSans-SemiBold.ttf in Resources */ = {isa = PBXBuildFile; fileRef = 232F8DB223369621006E665B /* OpenSans-SemiBold.ttf */; };
		232F8DDA23369621006E665B /* OpenSans-Light.ttf in Resources */ = {isa = PBXBuildFile; fileRef = 232F8DB323369621006E665B /* OpenSans-Light.ttf */; };
		232F8DDB23369621006E665B /* OpenSans-ExtraBold.ttf in Resources */ = {isa = PBXBuildFile; fileRef = 232F8DB423369621006E665B /* OpenSans-ExtraBold.ttf */; };
		232F8DDC23369621006E665B /* OpenSans-LightItalic.ttf in Resources */ = {isa = PBXBuildFile; fileRef = 232F8DB523369621006E665B /* OpenSans-LightItalic.ttf */; };
		232F8DDD23369621006E665B /* OpenSans-Bold.ttf in Resources */ = {isa = PBXBuildFile; fileRef = 232F8DB623369621006E665B /* OpenSans-Bold.ttf */; };
		232F8DDE23369621006E665B /* OpenSans-SemiBoldItalic.ttf in Resources */ = {isa = PBXBuildFile; fileRef = 232F8DB723369621006E665B /* OpenSans-SemiBoldItalic.ttf */; };
		232F8DDF23369621006E665B /* OpenSans-RegularItalic.ttf in Resources */ = {isa = PBXBuildFile; fileRef = 232F8DB823369621006E665B /* OpenSans-RegularItalic.ttf */; };
		232F8DE023369621006E665B /* OpenSans-ExtraBoldItalic.ttf in Resources */ = {isa = PBXBuildFile; fileRef = 232F8DB923369621006E665B /* OpenSans-ExtraBoldItalic.ttf */; };
		232F8DE123369621006E665B /* LICENSE.txt in Resources */ = {isa = PBXBuildFile; fileRef = 232F8DBA23369621006E665B /* LICENSE.txt */; };
		232F8DE223369621006E665B /* OpenSans-Regular.ttf in Resources */ = {isa = PBXBuildFile; fileRef = 232F8DBB23369621006E665B /* OpenSans-Regular.ttf */; };
		232F8DE323369621006E665B /* OpenSans-BoldItalic.ttf in Resources */ = {isa = PBXBuildFile; fileRef = 232F8DBC23369621006E665B /* OpenSans-BoldItalic.ttf */; };
		234584C3232D7C8800A13E78 /* hd_hourglass.png in Resources */ = {isa = PBXBuildFile; fileRef = 234584C2232D7C8800A13E78 /* hd_hourglass.png */; };
		590F7287BAFBAA66AB9B3D74 /* Pods_HD_Code_for_GoodUITests.framework in Frameworks */ = {isa = PBXBuildFile; fileRef = ACDB1D64EFF15B42EFFB9C5A /* Pods_HD_Code_for_GoodUITests.framework */; };
		77E35D1DF4DC80D1C972CA50 /* Pods_HD_Code_for_GoodTests.framework in Frameworks */ = {isa = PBXBuildFile; fileRef = 74CBB51869287FEA4D038C2D /* Pods_HD_Code_for_GoodTests.framework */; };
		8E78BF9D2990DD82697BF5E4 /* Pods_HD_Code_for_Good.framework in Frameworks */ = {isa = PBXBuildFile; fileRef = 07D2EAA6CA0368E6A565450B /* Pods_HD_Code_for_Good.framework */; };
		C718C2E823282F360055FF3F /* GoogleService-Info.plist in Resources */ = {isa = PBXBuildFile; fileRef = C718C2E723282F360055FF3F /* GoogleService-Info.plist */; };
		C72EB85123182F99000142A3 /* CheckedInViewController.swift in Sources */ = {isa = PBXBuildFile; fileRef = C72EB85023182F99000142A3 /* CheckedInViewController.swift */; };
		C72EB8532318C5FF000142A3 /* MapCell.swift in Sources */ = {isa = PBXBuildFile; fileRef = C72EB8522318C5FF000142A3 /* MapCell.swift */; };
		C72EB8552318C635000142A3 /* MapTableView.swift in Sources */ = {isa = PBXBuildFile; fileRef = C72EB8542318C635000142A3 /* MapTableView.swift */; };
		C74B88DD22DD797500B8995D /* CheckinViewController.swift in Sources */ = {isa = PBXBuildFile; fileRef = C74B88DC22DD797500B8995D /* CheckinViewController.swift */; };
		C74B88DF22DD7CEA00B8995D /* MenuViewController.swift in Sources */ = {isa = PBXBuildFile; fileRef = C74B88DE22DD7CEA00B8995D /* MenuViewController.swift */; };
		C74B88E322DE4BCC00B8995D /* SatTableViewController.swift in Sources */ = {isa = PBXBuildFile; fileRef = C74B88E222DE4BCC00B8995D /* SatTableViewController.swift */; };
		C74FD8E322D5730000E378C7 /* MapScreen.swift in Sources */ = {isa = PBXBuildFile; fileRef = C74FD8E222D5730000E378C7 /* MapScreen.swift */; };
		C79953D2229F14E10032FACE /* AppDelegate.swift in Sources */ = {isa = PBXBuildFile; fileRef = C79953D1229F14E10032FACE /* AppDelegate.swift */; };
		C79953D4229F14E10032FACE /* ViewController.swift in Sources */ = {isa = PBXBuildFile; fileRef = C79953D3229F14E10032FACE /* ViewController.swift */; };
		C79953D7229F14E10032FACE /* Main.storyboard in Resources */ = {isa = PBXBuildFile; fileRef = C79953D5229F14E10032FACE /* Main.storyboard */; };
		C79953D9229F14E20032FACE /* Assets.xcassets in Resources */ = {isa = PBXBuildFile; fileRef = C79953D8229F14E20032FACE /* Assets.xcassets */; };
		C79953DC229F14E20032FACE /* LaunchScreen.storyboard in Resources */ = {isa = PBXBuildFile; fileRef = C79953DA229F14E20032FACE /* LaunchScreen.storyboard */; };
		C79953E7229F14E20032FACE /* HD_Code_for_GoodTests.swift in Sources */ = {isa = PBXBuildFile; fileRef = C79953E6229F14E20032FACE /* HD_Code_for_GoodTests.swift */; };
		C79953F2229F14E20032FACE /* HD_Code_for_GoodUITests.swift in Sources */ = {isa = PBXBuildFile; fileRef = C79953F1229F14E20032FACE /* HD_Code_for_GoodUITests.swift */; };
		C7FF16AD22DBB98D00697335 /* TableViewController.swift in Sources */ = {isa = PBXBuildFile; fileRef = C7FF16AC22DBB98D00697335 /* TableViewController.swift */; };
		C7FF16AF22DBBF0800697335 /* MessageCell.swift in Sources */ = {isa = PBXBuildFile; fileRef = C7FF16AE22DBBF0800697335 /* MessageCell.swift */; };
/* End PBXBuildFile section */

/* Begin PBXContainerItemProxy section */
		C79953E3229F14E20032FACE /* PBXContainerItemProxy */ = {
			isa = PBXContainerItemProxy;
			containerPortal = C79953C6229F14E10032FACE /* Project object */;
			proxyType = 1;
			remoteGlobalIDString = C79953CD229F14E10032FACE;
			remoteInfo = "HD Code for Good";
		};
		C79953EE229F14E20032FACE /* PBXContainerItemProxy */ = {
			isa = PBXContainerItemProxy;
			containerPortal = C79953C6229F14E10032FACE /* Project object */;
			proxyType = 1;
			remoteGlobalIDString = C79953CD229F14E10032FACE;
			remoteInfo = "HD Code for Good";
		};
/* End PBXContainerItemProxy section */

/* Begin PBXFileReference section */
		07D2EAA6CA0368E6A565450B /* Pods_HD_Code_for_Good.framework */ = {isa = PBXFileReference; explicitFileType = wrapper.framework; includeInIndex = 0; path = Pods_HD_Code_for_Good.framework; sourceTree = BUILT_PRODUCTS_DIR; };
		1ED3F046473866B8742DFBD6 /* Pods-HD Code for GoodTests.release.xcconfig */ = {isa = PBXFileReference; includeInIndex = 1; lastKnownFileType = text.xcconfig; name = "Pods-HD Code for GoodTests.release.xcconfig"; path = "Target Support Files/Pods-HD Code for GoodTests/Pods-HD Code for GoodTests.release.xcconfig"; sourceTree = "<group>"; };
		232F8D9423369621006E665B /* Cabin-Medium.ttf */ = {isa = PBXFileReference; lastKnownFileType = file; path = "Cabin-Medium.ttf"; sourceTree = "<group>"; };
		232F8D9523369621006E665B /* Cabin-SemiBoldItalic.ttf */ = {isa = PBXFileReference; lastKnownFileType = file; path = "Cabin-SemiBoldItalic.ttf"; sourceTree = "<group>"; };
		232F8D9623369621006E665B /* Cabin-SemiBold.ttf */ = {isa = PBXFileReference; lastKnownFileType = file; path = "Cabin-SemiBold.ttf"; sourceTree = "<group>"; };
		232F8D9723369621006E665B /* Cabin-MediumItalic.ttf */ = {isa = PBXFileReference; lastKnownFileType = file; path = "Cabin-MediumItalic.ttf"; sourceTree = "<group>"; };
		232F8D9823369621006E665B /* Cabin-BoldItalic.ttf */ = {isa = PBXFileReference; lastKnownFileType = file; path = "Cabin-BoldItalic.ttf"; sourceTree = "<group>"; };
		232F8D9923369621006E665B /* Cabin-Regular.ttf */ = {isa = PBXFileReference; lastKnownFileType = file; path = "Cabin-Regular.ttf"; sourceTree = "<group>"; };
		232F8D9B23369621006E665B /* Cabin-Bold.ttf */ = {isa = PBXFileReference; lastKnownFileType = file; path = "Cabin-Bold.ttf"; sourceTree = "<group>"; };
		232F8D9C23369621006E665B /* Cabin-RegularItalic.ttf */ = {isa = PBXFileReference; lastKnownFileType = file; path = "Cabin-RegularItalic.ttf"; sourceTree = "<group>"; };
		232F8D9E23369621006E665B /* Montserrat-LightItalic.ttf */ = {isa = PBXFileReference; lastKnownFileType = file; path = "Montserrat-LightItalic.ttf"; sourceTree = "<group>"; };
		232F8D9F23369621006E665B /* Montserrat-Medium.ttf */ = {isa = PBXFileReference; lastKnownFileType = file; path = "Montserrat-Medium.ttf"; sourceTree = "<group>"; };
		232F8DA023369621006E665B /* Montserrat-BoldItalic.ttf */ = {isa = PBXFileReference; lastKnownFileType = file; path = "Montserrat-BoldItalic.ttf"; sourceTree = "<group>"; };
		232F8DA123369621006E665B /* Montserrat-Light.ttf */ = {isa = PBXFileReference; lastKnownFileType = file; path = "Montserrat-Light.ttf"; sourceTree = "<group>"; };
		232F8DA223369621006E665B /* Montserrat-ThinItalic.ttf */ = {isa = PBXFileReference; lastKnownFileType = file; path = "Montserrat-ThinItalic.ttf"; sourceTree = "<group>"; };
		232F8DA323369621006E665B /* Montserrat-ExtraLight.ttf */ = {isa = PBXFileReference; lastKnownFileType = file; path = "Montserrat-ExtraLight.ttf"; sourceTree = "<group>"; };
		232F8DA423369621006E665B /* Montserrat-Thin.ttf */ = {isa = PBXFileReference; lastKnownFileType = file; path = "Montserrat-Thin.ttf"; sourceTree = "<group>"; };
		232F8DA523369621006E665B /* Montserrat-Bold.ttf */ = {isa = PBXFileReference; lastKnownFileType = file; path = "Montserrat-Bold.ttf"; sourceTree = "<group>"; };
		232F8DA623369621006E665B /* Montserrat-MediumItalic.ttf */ = {isa = PBXFileReference; lastKnownFileType = file; path = "Montserrat-MediumItalic.ttf"; sourceTree = "<group>"; };
		232F8DA723369621006E665B /* Montserrat-BlackItalic.ttf */ = {isa = PBXFileReference; lastKnownFileType = file; path = "Montserrat-BlackItalic.ttf"; sourceTree = "<group>"; };
		232F8DA823369621006E665B /* Montserrat-RegularItalic.ttf */ = {isa = PBXFileReference; lastKnownFileType = file; path = "Montserrat-RegularItalic.ttf"; sourceTree = "<group>"; };
		232F8DA923369621006E665B /* Montserrat-SemiBold.ttf */ = {isa = PBXFileReference; lastKnownFileType = file; path = "Montserrat-SemiBold.ttf"; sourceTree = "<group>"; };
		232F8DAA23369621006E665B /* Montserrat-ExtraLightItalic.ttf */ = {isa = PBXFileReference; lastKnownFileType = file; path = "Montserrat-ExtraLightItalic.ttf"; sourceTree = "<group>"; };
		232F8DAB23369621006E665B /* Montserrat-ExtraBold.ttf */ = {isa = PBXFileReference; lastKnownFileType = file; path = "Montserrat-ExtraBold.ttf"; sourceTree = "<group>"; };
		232F8DAD23369621006E665B /* Montserrat-Black.ttf */ = {isa = PBXFileReference; lastKnownFileType = file; path = "Montserrat-Black.ttf"; sourceTree = "<group>"; };
		232F8DAE23369621006E665B /* Montserrat-Regular.ttf */ = {isa = PBXFileReference; lastKnownFileType = file; path = "Montserrat-Regular.ttf"; sourceTree = "<group>"; };
		232F8DAF23369621006E665B /* Montserrat-SemiBoldItalic.ttf */ = {isa = PBXFileReference; lastKnownFileType = file; path = "Montserrat-SemiBoldItalic.ttf"; sourceTree = "<group>"; };
		232F8DB023369621006E665B /* Montserrat-ExtraBoldItalic.ttf */ = {isa = PBXFileReference; lastKnownFileType = file; path = "Montserrat-ExtraBoldItalic.ttf"; sourceTree = "<group>"; };
		232F8DB223369621006E665B /* OpenSans-SemiBold.ttf */ = {isa = PBXFileReference; lastKnownFileType = file; path = "OpenSans-SemiBold.ttf"; sourceTree = "<group>"; };
		232F8DB323369621006E665B /* OpenSans-Light.ttf */ = {isa = PBXFileReference; lastKnownFileType = file; path = "OpenSans-Light.ttf"; sourceTree = "<group>"; };
		232F8DB423369621006E665B /* OpenSans-ExtraBold.ttf */ = {isa = PBXFileReference; lastKnownFileType = file; path = "OpenSans-ExtraBold.ttf"; sourceTree = "<group>"; };
		232F8DB523369621006E665B /* OpenSans-LightItalic.ttf */ = {isa = PBXFileReference; lastKnownFileType = file; path = "OpenSans-LightItalic.ttf"; sourceTree = "<group>"; };
		232F8DB623369621006E665B /* OpenSans-Bold.ttf */ = {isa = PBXFileReference; lastKnownFileType = file; path = "OpenSans-Bold.ttf"; sourceTree = "<group>"; };
		232F8DB723369621006E665B /* OpenSans-SemiBoldItalic.ttf */ = {isa = PBXFileReference; lastKnownFileType = file; path = "OpenSans-SemiBoldItalic.ttf"; sourceTree = "<group>"; };
		232F8DB823369621006E665B /* OpenSans-RegularItalic.ttf */ = {isa = PBXFileReference; lastKnownFileType = file; path = "OpenSans-RegularItalic.ttf"; sourceTree = "<group>"; };
		232F8DB923369621006E665B /* OpenSans-ExtraBoldItalic.ttf */ = {isa = PBXFileReference; lastKnownFileType = file; path = "OpenSans-ExtraBoldItalic.ttf"; sourceTree = "<group>"; };
		232F8DBA23369621006E665B /* LICENSE.txt */ = {isa = PBXFileReference; fileEncoding = 4; lastKnownFileType = text; path = LICENSE.txt; sourceTree = "<group>"; };
		232F8DBB23369621006E665B /* OpenSans-Regular.ttf */ = {isa = PBXFileReference; lastKnownFileType = file; path = "OpenSans-Regular.ttf"; sourceTree = "<group>"; };
		232F8DBC23369621006E665B /* OpenSans-BoldItalic.ttf */ = {isa = PBXFileReference; lastKnownFileType = file; path = "OpenSans-BoldItalic.ttf"; sourceTree = "<group>"; };
		234584C2232D7C8800A13E78 /* hd_hourglass.png */ = {isa = PBXFileReference; lastKnownFileType = image.png; name = hd_hourglass.png; path = ../../../../Downloads/hd_hourglass.png; sourceTree = "<group>"; };
		2912DA3CF1EC799CC7FB13B7 /* Pods-HD Code for GoodUITests.debug.xcconfig */ = {isa = PBXFileReference; includeInIndex = 1; lastKnownFileType = text.xcconfig; name = "Pods-HD Code for GoodUITests.debug.xcconfig"; path = "Target Support Files/Pods-HD Code for GoodUITests/Pods-HD Code for GoodUITests.debug.xcconfig"; sourceTree = "<group>"; };
		337ACA6708CF600719B9A302 /* Pods-HD Code for GoodUITests.release.xcconfig */ = {isa = PBXFileReference; includeInIndex = 1; lastKnownFileType = text.xcconfig; name = "Pods-HD Code for GoodUITests.release.xcconfig"; path = "Target Support Files/Pods-HD Code for GoodUITests/Pods-HD Code for GoodUITests.release.xcconfig"; sourceTree = "<group>"; };
		3C7DFED7301D54591F2A5266 /* Pods-HD Code for Good.release.xcconfig */ = {isa = PBXFileReference; includeInIndex = 1; lastKnownFileType = text.xcconfig; name = "Pods-HD Code for Good.release.xcconfig"; path = "Target Support Files/Pods-HD Code for Good/Pods-HD Code for Good.release.xcconfig"; sourceTree = "<group>"; };
		74CBB51869287FEA4D038C2D /* Pods_HD_Code_for_GoodTests.framework */ = {isa = PBXFileReference; explicitFileType = wrapper.framework; includeInIndex = 0; path = Pods_HD_Code_for_GoodTests.framework; sourceTree = BUILT_PRODUCTS_DIR; };
		ACDB1D64EFF15B42EFFB9C5A /* Pods_HD_Code_for_GoodUITests.framework */ = {isa = PBXFileReference; explicitFileType = wrapper.framework; includeInIndex = 0; path = Pods_HD_Code_for_GoodUITests.framework; sourceTree = BUILT_PRODUCTS_DIR; };
		B9BD6EF5D47A3EA8048ACEBC /* Pods-HD Code for GoodTests.debug.xcconfig */ = {isa = PBXFileReference; includeInIndex = 1; lastKnownFileType = text.xcconfig; name = "Pods-HD Code for GoodTests.debug.xcconfig"; path = "Target Support Files/Pods-HD Code for GoodTests/Pods-HD Code for GoodTests.debug.xcconfig"; sourceTree = "<group>"; };
		C1CAF10597454ED1B5446397 /* Pods-HD Code for Good.debug.xcconfig */ = {isa = PBXFileReference; includeInIndex = 1; lastKnownFileType = text.xcconfig; name = "Pods-HD Code for Good.debug.xcconfig"; path = "Target Support Files/Pods-HD Code for Good/Pods-HD Code for Good.debug.xcconfig"; sourceTree = "<group>"; };
		C718C2E723282F360055FF3F /* GoogleService-Info.plist */ = {isa = PBXFileReference; fileEncoding = 4; lastKnownFileType = text.plist.xml; path = "GoogleService-Info.plist"; sourceTree = "<group>"; };
		C72EB85023182F99000142A3 /* CheckedInViewController.swift */ = {isa = PBXFileReference; lastKnownFileType = sourcecode.swift; path = CheckedInViewController.swift; sourceTree = "<group>"; };
		C72EB8522318C5FF000142A3 /* MapCell.swift */ = {isa = PBXFileReference; lastKnownFileType = sourcecode.swift; path = MapCell.swift; sourceTree = "<group>"; };
		C72EB8542318C635000142A3 /* MapTableView.swift */ = {isa = PBXFileReference; lastKnownFileType = sourcecode.swift; path = MapTableView.swift; sourceTree = "<group>"; };
		C74B88DC22DD797500B8995D /* CheckinViewController.swift */ = {isa = PBXFileReference; lastKnownFileType = sourcecode.swift; path = CheckinViewController.swift; sourceTree = "<group>"; };
		C74B88DE22DD7CEA00B8995D /* MenuViewController.swift */ = {isa = PBXFileReference; lastKnownFileType = sourcecode.swift; path = MenuViewController.swift; sourceTree = "<group>"; };
		C74B88E222DE4BCC00B8995D /* SatTableViewController.swift */ = {isa = PBXFileReference; lastKnownFileType = sourcecode.swift; path = SatTableViewController.swift; sourceTree = "<group>"; };
		C74FD8E222D5730000E378C7 /* MapScreen.swift */ = {isa = PBXFileReference; lastKnownFileType = sourcecode.swift; path = MapScreen.swift; sourceTree = "<group>"; };
		C79953CE229F14E10032FACE /* HD Code for Good.app */ = {isa = PBXFileReference; explicitFileType = wrapper.application; includeInIndex = 0; path = "HD Code for Good.app"; sourceTree = BUILT_PRODUCTS_DIR; };
		C79953D1229F14E10032FACE /* AppDelegate.swift */ = {isa = PBXFileReference; lastKnownFileType = sourcecode.swift; path = AppDelegate.swift; sourceTree = "<group>"; };
		C79953D3229F14E10032FACE /* ViewController.swift */ = {isa = PBXFileReference; lastKnownFileType = sourcecode.swift; path = ViewController.swift; sourceTree = "<group>"; };
		C79953D6229F14E10032FACE /* Base */ = {isa = PBXFileReference; lastKnownFileType = file.storyboard; name = Base; path = Base.lproj/Main.storyboard; sourceTree = "<group>"; };
		C79953D8229F14E20032FACE /* Assets.xcassets */ = {isa = PBXFileReference; lastKnownFileType = folder.assetcatalog; path = Assets.xcassets; sourceTree = "<group>"; };
		C79953DB229F14E20032FACE /* Base */ = {isa = PBXFileReference; lastKnownFileType = file.storyboard; name = Base; path = Base.lproj/LaunchScreen.storyboard; sourceTree = "<group>"; };
		C79953DD229F14E20032FACE /* Info.plist */ = {isa = PBXFileReference; lastKnownFileType = text.plist.xml; path = Info.plist; sourceTree = "<group>"; };
		C79953E2229F14E20032FACE /* HD Code for GoodTests.xctest */ = {isa = PBXFileReference; explicitFileType = wrapper.cfbundle; includeInIndex = 0; path = "HD Code for GoodTests.xctest"; sourceTree = BUILT_PRODUCTS_DIR; };
		C79953E6229F14E20032FACE /* HD_Code_for_GoodTests.swift */ = {isa = PBXFileReference; lastKnownFileType = sourcecode.swift; path = HD_Code_for_GoodTests.swift; sourceTree = "<group>"; };
		C79953E8229F14E20032FACE /* Info.plist */ = {isa = PBXFileReference; lastKnownFileType = text.plist.xml; path = Info.plist; sourceTree = "<group>"; };
		C79953ED229F14E20032FACE /* HD Code for GoodUITests.xctest */ = {isa = PBXFileReference; explicitFileType = wrapper.cfbundle; includeInIndex = 0; path = "HD Code for GoodUITests.xctest"; sourceTree = BUILT_PRODUCTS_DIR; };
		C79953F1229F14E20032FACE /* HD_Code_for_GoodUITests.swift */ = {isa = PBXFileReference; lastKnownFileType = sourcecode.swift; path = HD_Code_for_GoodUITests.swift; sourceTree = "<group>"; };
		C79953F3229F14E20032FACE /* Info.plist */ = {isa = PBXFileReference; lastKnownFileType = text.plist.xml; path = Info.plist; sourceTree = "<group>"; };
		C7FF16AC22DBB98D00697335 /* TableViewController.swift */ = {isa = PBXFileReference; lastKnownFileType = sourcecode.swift; path = TableViewController.swift; sourceTree = "<group>"; };
		C7FF16AE22DBBF0800697335 /* MessageCell.swift */ = {isa = PBXFileReference; lastKnownFileType = sourcecode.swift; path = MessageCell.swift; sourceTree = "<group>"; };
/* End PBXFileReference section */

/* Begin PBXFrameworksBuildPhase section */
		C79953CB229F14E10032FACE /* Frameworks */ = {
			isa = PBXFrameworksBuildPhase;
			buildActionMask = 2147483647;
			files = (
				8E78BF9D2990DD82697BF5E4 /* Pods_HD_Code_for_Good.framework in Frameworks */,
			);
			runOnlyForDeploymentPostprocessing = 0;
		};
		C79953DF229F14E20032FACE /* Frameworks */ = {
			isa = PBXFrameworksBuildPhase;
			buildActionMask = 2147483647;
			files = (
				77E35D1DF4DC80D1C972CA50 /* Pods_HD_Code_for_GoodTests.framework in Frameworks */,
			);
			runOnlyForDeploymentPostprocessing = 0;
		};
		C79953EA229F14E20032FACE /* Frameworks */ = {
			isa = PBXFrameworksBuildPhase;
			buildActionMask = 2147483647;
			files = (
				590F7287BAFBAA66AB9B3D74 /* Pods_HD_Code_for_GoodUITests.framework in Frameworks */,
			);
			runOnlyForDeploymentPostprocessing = 0;
		};
/* End PBXFrameworksBuildPhase section */

/* Begin PBXGroup section */
		232F8D9223369621006E665B /* fonts */ = {
			isa = PBXGroup;
			children = (
				232F8D9323369621006E665B /* Cabin */,
				232F8D9D23369621006E665B /* Montserrat */,
				232F8DB123369621006E665B /* Open_Sans */,
			);
			path = fonts;
			sourceTree = SOURCE_ROOT;
		};
		232F8D9323369621006E665B /* Cabin */ = {
			isa = PBXGroup;
			children = (
				232F8D9423369621006E665B /* Cabin-Medium.ttf */,
				232F8D9523369621006E665B /* Cabin-SemiBoldItalic.ttf */,
				232F8D9623369621006E665B /* Cabin-SemiBold.ttf */,
				232F8D9723369621006E665B /* Cabin-MediumItalic.ttf */,
				232F8D9823369621006E665B /* Cabin-BoldItalic.ttf */,
				232F8D9923369621006E665B /* Cabin-Regular.ttf */,
				232F8D9B23369621006E665B /* Cabin-Bold.ttf */,
				232F8D9C23369621006E665B /* Cabin-RegularItalic.ttf */,
			);
			path = Cabin;
			sourceTree = "<group>";
		};
		232F8D9D23369621006E665B /* Montserrat */ = {
			isa = PBXGroup;
			children = (
				232F8D9E23369621006E665B /* Montserrat-LightItalic.ttf */,
				232F8D9F23369621006E665B /* Montserrat-Medium.ttf */,
				232F8DA023369621006E665B /* Montserrat-BoldItalic.ttf */,
				232F8DA123369621006E665B /* Montserrat-Light.ttf */,
				232F8DA223369621006E665B /* Montserrat-ThinItalic.ttf */,
				232F8DA323369621006E665B /* Montserrat-ExtraLight.ttf */,
				232F8DA423369621006E665B /* Montserrat-Thin.ttf */,
				232F8DA523369621006E665B /* Montserrat-Bold.ttf */,
				232F8DA623369621006E665B /* Montserrat-MediumItalic.ttf */,
				232F8DA723369621006E665B /* Montserrat-BlackItalic.ttf */,
				232F8DA823369621006E665B /* Montserrat-RegularItalic.ttf */,
				232F8DA923369621006E665B /* Montserrat-SemiBold.ttf */,
				232F8DAA23369621006E665B /* Montserrat-ExtraLightItalic.ttf */,
				232F8DAB23369621006E665B /* Montserrat-ExtraBold.ttf */,
				232F8DAD23369621006E665B /* Montserrat-Black.ttf */,
				232F8DAE23369621006E665B /* Montserrat-Regular.ttf */,
				232F8DAF23369621006E665B /* Montserrat-SemiBoldItalic.ttf */,
				232F8DB023369621006E665B /* Montserrat-ExtraBoldItalic.ttf */,
			);
			path = Montserrat;
			sourceTree = "<group>";
		};
		232F8DB123369621006E665B /* Open_Sans */ = {
			isa = PBXGroup;
			children = (
				232F8DB223369621006E665B /* OpenSans-SemiBold.ttf */,
				232F8DB323369621006E665B /* OpenSans-Light.ttf */,
				232F8DB423369621006E665B /* OpenSans-ExtraBold.ttf */,
				232F8DB523369621006E665B /* OpenSans-LightItalic.ttf */,
				232F8DB623369621006E665B /* OpenSans-Bold.ttf */,
				232F8DB723369621006E665B /* OpenSans-SemiBoldItalic.ttf */,
				232F8DB823369621006E665B /* OpenSans-RegularItalic.ttf */,
				232F8DB923369621006E665B /* OpenSans-ExtraBoldItalic.ttf */,
				232F8DBA23369621006E665B /* LICENSE.txt */,
				232F8DBB23369621006E665B /* OpenSans-Regular.ttf */,
				232F8DBC23369621006E665B /* OpenSans-BoldItalic.ttf */,
			);
			path = Open_Sans;
			sourceTree = "<group>";
		};
		C74B88DB22DD794200B8995D /* Check-In */ = {
			isa = PBXGroup;
			children = (
				C74B88DC22DD797500B8995D /* CheckinViewController.swift */,
				C72EB85023182F99000142A3 /* CheckedInViewController.swift */,
			);
			path = "Check-In";
			sourceTree = "<group>";
		};
		C74B88E022DE4ABD00B8995D /* Schedule */ = {
			isa = PBXGroup;
			children = (
				C7FF16AE22DBBF0800697335 /* MessageCell.swift */,
				C7FF16AC22DBB98D00697335 /* TableViewController.swift */,
				C74B88E222DE4BCC00B8995D /* SatTableViewController.swift */,
			);
			path = Schedule;
			sourceTree = "<group>";
		};
		C74B88E122DE4AF300B8995D /* Map */ = {
			isa = PBXGroup;
			children = (
				C74FD8E222D5730000E378C7 /* MapScreen.swift */,
				C72EB8522318C5FF000142A3 /* MapCell.swift */,
				C72EB8542318C635000142A3 /* MapTableView.swift */,
			);
			path = Map;
			sourceTree = "<group>";
		};
		C79953C5229F14E10032FACE = {
			isa = PBXGroup;
			children = (
				C79953D0229F14E10032FACE /* HD Code for Good */,
				C79953E5229F14E20032FACE /* HD Code for GoodTests */,
				C79953F0229F14E20032FACE /* HD Code for GoodUITests */,
				C79953CF229F14E10032FACE /* Products */,
				D4EB2C254D9DE971FD333A30 /* Pods */,
				D8CD6207EE6A9A1ECA7B9787 /* Frameworks */,
			);
			sourceTree = "<group>";
		};
		C79953CF229F14E10032FACE /* Products */ = {
			isa = PBXGroup;
			children = (
				C79953CE229F14E10032FACE /* HD Code for Good.app */,
				C79953E2229F14E20032FACE /* HD Code for GoodTests.xctest */,
				C79953ED229F14E20032FACE /* HD Code for GoodUITests.xctest */,
			);
			name = Products;
			sourceTree = "<group>";
		};
		C79953D0229F14E10032FACE /* HD Code for Good */ = {
			isa = PBXGroup;
			children = (
				232F8D9223369621006E665B /* fonts */,
				C74B88E022DE4ABD00B8995D /* Schedule */,
				C74B88DB22DD794200B8995D /* Check-In */,
				C74B88E122DE4AF300B8995D /* Map */,
				C7F19D0822DEA9F000548B29 /* Teams */,
				C7F19D0922DEAA0D00548B29 /* Menu */,
				C79953D5229F14E10032FACE /* Main.storyboard */,
				C79953D1229F14E10032FACE /* AppDelegate.swift */,
				C79953D8229F14E20032FACE /* Assets.xcassets */,
				C79953DA229F14E20032FACE /* LaunchScreen.storyboard */,
				C79953DD229F14E20032FACE /* Info.plist */,
				C718C2E723282F360055FF3F /* GoogleService-Info.plist */,
				234584C2232D7C8800A13E78 /* hd_hourglass.png */,
			);
			path = "HD Code for Good";
			sourceTree = "<group>";
		};
		C79953E5229F14E20032FACE /* HD Code for GoodTests */ = {
			isa = PBXGroup;
			children = (
				C79953E6229F14E20032FACE /* HD_Code_for_GoodTests.swift */,
				C79953E8229F14E20032FACE /* Info.plist */,
			);
			path = "HD Code for GoodTests";
			sourceTree = "<group>";
		};
		C79953F0229F14E20032FACE /* HD Code for GoodUITests */ = {
			isa = PBXGroup;
			children = (
				C79953F1229F14E20032FACE /* HD_Code_for_GoodUITests.swift */,
				C79953F3229F14E20032FACE /* Info.plist */,
			);
			path = "HD Code for GoodUITests";
			sourceTree = "<group>";
		};
		C7F19D0822DEA9F000548B29 /* Teams */ = {
			isa = PBXGroup;
			children = (
				C79953D3229F14E10032FACE /* ViewController.swift */,
			);
			path = Teams;
			sourceTree = "<group>";
		};
		C7F19D0922DEAA0D00548B29 /* Menu */ = {
			isa = PBXGroup;
			children = (
				C74B88DE22DD7CEA00B8995D /* MenuViewController.swift */,
			);
			path = Menu;
			sourceTree = "<group>";
		};
		D4EB2C254D9DE971FD333A30 /* Pods */ = {
			isa = PBXGroup;
			children = (
				C1CAF10597454ED1B5446397 /* Pods-HD Code for Good.debug.xcconfig */,
				3C7DFED7301D54591F2A5266 /* Pods-HD Code for Good.release.xcconfig */,
				B9BD6EF5D47A3EA8048ACEBC /* Pods-HD Code for GoodTests.debug.xcconfig */,
				1ED3F046473866B8742DFBD6 /* Pods-HD Code for GoodTests.release.xcconfig */,
				2912DA3CF1EC799CC7FB13B7 /* Pods-HD Code for GoodUITests.debug.xcconfig */,
				337ACA6708CF600719B9A302 /* Pods-HD Code for GoodUITests.release.xcconfig */,
			);
			path = Pods;
			sourceTree = "<group>";
		};
		D8CD6207EE6A9A1ECA7B9787 /* Frameworks */ = {
			isa = PBXGroup;
			children = (
				07D2EAA6CA0368E6A565450B /* Pods_HD_Code_for_Good.framework */,
				74CBB51869287FEA4D038C2D /* Pods_HD_Code_for_GoodTests.framework */,
				ACDB1D64EFF15B42EFFB9C5A /* Pods_HD_Code_for_GoodUITests.framework */,
			);
			name = Frameworks;
			sourceTree = "<group>";
		};
/* End PBXGroup section */

/* Begin PBXNativeTarget section */
		C79953CD229F14E10032FACE /* HD Code for Good */ = {
			isa = PBXNativeTarget;
			buildConfigurationList = C79953F6229F14E30032FACE /* Build configuration list for PBXNativeTarget "HD Code for Good" */;
			buildPhases = (
				3AA14DDDD6332DC631CFBD13 /* [CP] Check Pods Manifest.lock */,
				C79953CA229F14E10032FACE /* Sources */,
				C79953CB229F14E10032FACE /* Frameworks */,
				C79953CC229F14E10032FACE /* Resources */,
				FBD0CBA36DBC91294691F7BB /* [CP] Embed Pods Frameworks */,
			);
			buildRules = (
			);
			dependencies = (
			);
			name = "HD Code for Good";
			productName = "HD Code for Good";
			productReference = C79953CE229F14E10032FACE /* HD Code for Good.app */;
			productType = "com.apple.product-type.application";
		};
		C79953E1229F14E20032FACE /* HD Code for GoodTests */ = {
			isa = PBXNativeTarget;
			buildConfigurationList = C79953F9229F14E30032FACE /* Build configuration list for PBXNativeTarget "HD Code for GoodTests" */;
			buildPhases = (
				6F1BCDB8E311BF05448E113F /* [CP] Check Pods Manifest.lock */,
				C79953DE229F14E20032FACE /* Sources */,
				C79953DF229F14E20032FACE /* Frameworks */,
				C79953E0229F14E20032FACE /* Resources */,
			);
			buildRules = (
			);
			dependencies = (
				C79953E4229F14E20032FACE /* PBXTargetDependency */,
			);
			name = "HD Code for GoodTests";
			productName = "HD Code for GoodTests";
			productReference = C79953E2229F14E20032FACE /* HD Code for GoodTests.xctest */;
			productType = "com.apple.product-type.bundle.unit-test";
		};
		C79953EC229F14E20032FACE /* HD Code for GoodUITests */ = {
			isa = PBXNativeTarget;
			buildConfigurationList = C79953FC229F14E30032FACE /* Build configuration list for PBXNativeTarget "HD Code for GoodUITests" */;
			buildPhases = (
				60718C0DD59014AADF3530D9 /* [CP] Check Pods Manifest.lock */,
				C79953E9229F14E20032FACE /* Sources */,
				C79953EA229F14E20032FACE /* Frameworks */,
				C79953EB229F14E20032FACE /* Resources */,
			);
			buildRules = (
			);
			dependencies = (
				C79953EF229F14E20032FACE /* PBXTargetDependency */,
			);
			name = "HD Code for GoodUITests";
			productName = "HD Code for GoodUITests";
			productReference = C79953ED229F14E20032FACE /* HD Code for GoodUITests.xctest */;
			productType = "com.apple.product-type.bundle.ui-testing";
		};
/* End PBXNativeTarget section */

/* Begin PBXProject section */
		C79953C6229F14E10032FACE /* Project object */ = {
			isa = PBXProject;
			attributes = {
				LastSwiftUpdateCheck = 1020;
				LastUpgradeCheck = 1020;
				ORGANIZATIONNAME = "Brian Li";
				TargetAttributes = {
					C79953CD229F14E10032FACE = {
						CreatedOnToolsVersion = 10.2.1;
					};
					C79953E1229F14E20032FACE = {
						CreatedOnToolsVersion = 10.2.1;
						TestTargetID = C79953CD229F14E10032FACE;
					};
					C79953EC229F14E20032FACE = {
						CreatedOnToolsVersion = 10.2.1;
						TestTargetID = C79953CD229F14E10032FACE;
					};
				};
			};
			buildConfigurationList = C79953C9229F14E10032FACE /* Build configuration list for PBXProject "HD Code for Good" */;
			compatibilityVersion = "Xcode 9.3";
			developmentRegion = en;
			hasScannedForEncodings = 0;
			knownRegions = (
				en,
				Base,
			);
			mainGroup = C79953C5229F14E10032FACE;
			productRefGroup = C79953CF229F14E10032FACE /* Products */;
			projectDirPath = "";
			projectRoot = "";
			targets = (
				C79953CD229F14E10032FACE /* HD Code for Good */,
				C79953E1229F14E20032FACE /* HD Code for GoodTests */,
				C79953EC229F14E20032FACE /* HD Code for GoodUITests */,
			);
		};
/* End PBXProject section */

/* Begin PBXResourcesBuildPhase section */
		C79953CC229F14E10032FACE /* Resources */ = {
			isa = PBXResourcesBuildPhase;
			buildActionMask = 2147483647;
			files = (
				232F8DD923369621006E665B /* OpenSans-SemiBold.ttf in Resources */,
				232F8DBE23369621006E665B /* Cabin-SemiBoldItalic.ttf in Resources */,
				232F8DC023369621006E665B /* Cabin-MediumItalic.ttf in Resources */,
				232F8DDE23369621006E665B /* OpenSans-SemiBoldItalic.ttf in Resources */,
				232F8DD123369621006E665B /* Montserrat-SemiBold.ttf in Resources */,
				C79953DC229F14E20032FACE /* LaunchScreen.storyboard in Resources */,
				232F8DE123369621006E665B /* LICENSE.txt in Resources */,
				232F8DC823369621006E665B /* Montserrat-BoldItalic.ttf in Resources */,
				232F8DDC23369621006E665B /* OpenSans-LightItalic.ttf in Resources */,
				232F8DD323369621006E665B /* Montserrat-ExtraBold.ttf in Resources */,
				232F8DD623369621006E665B /* Montserrat-Regular.ttf in Resources */,
				C718C2E823282F360055FF3F /* GoogleService-Info.plist in Resources */,
				C79953D9229F14E20032FACE /* Assets.xcassets in Resources */,
				232F8DC123369621006E665B /* Cabin-BoldItalic.ttf in Resources */,
				232F8DE323369621006E665B /* OpenSans-BoldItalic.ttf in Resources */,
				232F8DDB23369621006E665B /* OpenSans-ExtraBold.ttf in Resources */,
				232F8DD223369621006E665B /* Montserrat-ExtraLightItalic.ttf in Resources */,
				232F8DD523369621006E665B /* Montserrat-Black.ttf in Resources */,
				232F8DBD23369621006E665B /* Cabin-Medium.ttf in Resources */,
				232F8DCB23369621006E665B /* Montserrat-ExtraLight.ttf in Resources */,
				232F8DC623369621006E665B /* Montserrat-LightItalic.ttf in Resources */,
				232F8DE023369621006E665B /* OpenSans-ExtraBoldItalic.ttf in Resources */,
				232F8DCA23369621006E665B /* Montserrat-ThinItalic.ttf in Resources */,
				232F8DD023369621006E665B /* Montserrat-RegularItalic.ttf in Resources */,
				C79953D7229F14E10032FACE /* Main.storyboard in Resources */,
				232F8DCE23369621006E665B /* Montserrat-MediumItalic.ttf in Resources */,
				232F8DDD23369621006E665B /* OpenSans-Bold.ttf in Resources */,
				232F8DDF23369621006E665B /* OpenSans-RegularItalic.ttf in Resources */,
				232F8DD823369621006E665B /* Montserrat-ExtraBoldItalic.ttf in Resources */,
				232F8DDA23369621006E665B /* OpenSans-Light.ttf in Resources */,
				232F8DCC23369621006E665B /* Montserrat-Thin.ttf in Resources */,
				232F8DE223369621006E665B /* OpenSans-Regular.ttf in Resources */,
				232F8DC523369621006E665B /* Cabin-RegularItalic.ttf in Resources */,
				232F8DC923369621006E665B /* Montserrat-Light.ttf in Resources */,
				234584C3232D7C8800A13E78 /* hd_hourglass.png in Resources */,
				232F8DC223369621006E665B /* Cabin-Regular.ttf in Resources */,
				232F8DD723369621006E665B /* Montserrat-SemiBoldItalic.ttf in Resources */,
				232F8DC423369621006E665B /* Cabin-Bold.ttf in Resources */,
				232F8DC723369621006E665B /* Montserrat-Medium.ttf in Resources */,
				232F8DCF23369621006E665B /* Montserrat-BlackItalic.ttf in Resources */,
				232F8DCD23369621006E665B /* Montserrat-Bold.ttf in Resources */,
				232F8DBF23369621006E665B /* Cabin-SemiBold.ttf in Resources */,
			);
			runOnlyForDeploymentPostprocessing = 0;
		};
		C79953E0229F14E20032FACE /* Resources */ = {
			isa = PBXResourcesBuildPhase;
			buildActionMask = 2147483647;
			files = (
			);
			runOnlyForDeploymentPostprocessing = 0;
		};
		C79953EB229F14E20032FACE /* Resources */ = {
			isa = PBXResourcesBuildPhase;
			buildActionMask = 2147483647;
			files = (
			);
			runOnlyForDeploymentPostprocessing = 0;
		};
/* End PBXResourcesBuildPhase section */

/* Begin PBXShellScriptBuildPhase section */
		3AA14DDDD6332DC631CFBD13 /* [CP] Check Pods Manifest.lock */ = {
			isa = PBXShellScriptBuildPhase;
			buildActionMask = 2147483647;
			files = (
			);
			inputFileListPaths = (
			);
			inputPaths = (
				"${PODS_PODFILE_DIR_PATH}/Podfile.lock",
				"${PODS_ROOT}/Manifest.lock",
			);
			name = "[CP] Check Pods Manifest.lock";
			outputFileListPaths = (
			);
			outputPaths = (
				"$(DERIVED_FILE_DIR)/Pods-HD Code for Good-checkManifestLockResult.txt",
			);
			runOnlyForDeploymentPostprocessing = 0;
			shellPath = /bin/sh;
			shellScript = "diff \"${PODS_PODFILE_DIR_PATH}/Podfile.lock\" \"${PODS_ROOT}/Manifest.lock\" > /dev/null\nif [ $? != 0 ] ; then\n    # print error to STDERR\n    echo \"error: The sandbox is not in sync with the Podfile.lock. Run 'pod install' or update your CocoaPods installation.\" >&2\n    exit 1\nfi\n# This output is used by Xcode 'outputs' to avoid re-running this script phase.\necho \"SUCCESS\" > \"${SCRIPT_OUTPUT_FILE_0}\"\n";
			showEnvVarsInLog = 0;
		};
		60718C0DD59014AADF3530D9 /* [CP] Check Pods Manifest.lock */ = {
			isa = PBXShellScriptBuildPhase;
			buildActionMask = 2147483647;
			files = (
			);
			inputFileListPaths = (
			);
			inputPaths = (
				"${PODS_PODFILE_DIR_PATH}/Podfile.lock",
				"${PODS_ROOT}/Manifest.lock",
			);
			name = "[CP] Check Pods Manifest.lock";
			outputFileListPaths = (
			);
			outputPaths = (
				"$(DERIVED_FILE_DIR)/Pods-HD Code for GoodUITests-checkManifestLockResult.txt",
			);
			runOnlyForDeploymentPostprocessing = 0;
			shellPath = /bin/sh;
			shellScript = "diff \"${PODS_PODFILE_DIR_PATH}/Podfile.lock\" \"${PODS_ROOT}/Manifest.lock\" > /dev/null\nif [ $? != 0 ] ; then\n    # print error to STDERR\n    echo \"error: The sandbox is not in sync with the Podfile.lock. Run 'pod install' or update your CocoaPods installation.\" >&2\n    exit 1\nfi\n# This output is used by Xcode 'outputs' to avoid re-running this script phase.\necho \"SUCCESS\" > \"${SCRIPT_OUTPUT_FILE_0}\"\n";
			showEnvVarsInLog = 0;
		};
		6F1BCDB8E311BF05448E113F /* [CP] Check Pods Manifest.lock */ = {
			isa = PBXShellScriptBuildPhase;
			buildActionMask = 2147483647;
			files = (
			);
			inputFileListPaths = (
			);
			inputPaths = (
				"${PODS_PODFILE_DIR_PATH}/Podfile.lock",
				"${PODS_ROOT}/Manifest.lock",
			);
			name = "[CP] Check Pods Manifest.lock";
			outputFileListPaths = (
			);
			outputPaths = (
				"$(DERIVED_FILE_DIR)/Pods-HD Code for GoodTests-checkManifestLockResult.txt",
			);
			runOnlyForDeploymentPostprocessing = 0;
			shellPath = /bin/sh;
			shellScript = "diff \"${PODS_PODFILE_DIR_PATH}/Podfile.lock\" \"${PODS_ROOT}/Manifest.lock\" > /dev/null\nif [ $? != 0 ] ; then\n    # print error to STDERR\n    echo \"error: The sandbox is not in sync with the Podfile.lock. Run 'pod install' or update your CocoaPods installation.\" >&2\n    exit 1\nfi\n# This output is used by Xcode 'outputs' to avoid re-running this script phase.\necho \"SUCCESS\" > \"${SCRIPT_OUTPUT_FILE_0}\"\n";
			showEnvVarsInLog = 0;
		};
		FBD0CBA36DBC91294691F7BB /* [CP] Embed Pods Frameworks */ = {
			isa = PBXShellScriptBuildPhase;
			buildActionMask = 2147483647;
			files = (
			);
			inputFileListPaths = (
				"${PODS_ROOT}/Target Support Files/Pods-HD Code for Good/Pods-HD Code for Good-frameworks-${CONFIGURATION}-input-files.xcfilelist",
			);
			name = "[CP] Embed Pods Frameworks";
			outputFileListPaths = (
				"${PODS_ROOT}/Target Support Files/Pods-HD Code for Good/Pods-HD Code for Good-frameworks-${CONFIGURATION}-output-files.xcfilelist",
			);
			runOnlyForDeploymentPostprocessing = 0;
			shellPath = /bin/sh;
			shellScript = "\"${PODS_ROOT}/Target Support Files/Pods-HD Code for Good/Pods-HD Code for Good-frameworks.sh\"\n";
			showEnvVarsInLog = 0;
		};
/* End PBXShellScriptBuildPhase section */

/* Begin PBXSourcesBuildPhase section */
		C79953CA229F14E10032FACE /* Sources */ = {
			isa = PBXSourcesBuildPhase;
			buildActionMask = 2147483647;
			files = (
				C74FD8E322D5730000E378C7 /* MapScreen.swift in Sources */,
				C7FF16AF22DBBF0800697335 /* MessageCell.swift in Sources */,
				C79953D4229F14E10032FACE /* ViewController.swift in Sources */,
				C72EB8552318C635000142A3 /* MapTableView.swift in Sources */,
				C74B88DF22DD7CEA00B8995D /* MenuViewController.swift in Sources */,
				C72EB8532318C5FF000142A3 /* MapCell.swift in Sources */,
				C79953D2229F14E10032FACE /* AppDelegate.swift in Sources */,
				C74B88DD22DD797500B8995D /* CheckinViewController.swift in Sources */,
				C72EB85123182F99000142A3 /* CheckedInViewController.swift in Sources */,
				C74B88E322DE4BCC00B8995D /* SatTableViewController.swift in Sources */,
				C7FF16AD22DBB98D00697335 /* TableViewController.swift in Sources */,
			);
			runOnlyForDeploymentPostprocessing = 0;
		};
		C79953DE229F14E20032FACE /* Sources */ = {
			isa = PBXSourcesBuildPhase;
			buildActionMask = 2147483647;
			files = (
				C79953E7229F14E20032FACE /* HD_Code_for_GoodTests.swift in Sources */,
			);
			runOnlyForDeploymentPostprocessing = 0;
		};
		C79953E9229F14E20032FACE /* Sources */ = {
			isa = PBXSourcesBuildPhase;
			buildActionMask = 2147483647;
			files = (
				C79953F2229F14E20032FACE /* HD_Code_for_GoodUITests.swift in Sources */,
			);
			runOnlyForDeploymentPostprocessing = 0;
		};
/* End PBXSourcesBuildPhase section */

/* Begin PBXTargetDependency section */
		C79953E4229F14E20032FACE /* PBXTargetDependency */ = {
			isa = PBXTargetDependency;
			target = C79953CD229F14E10032FACE /* HD Code for Good */;
			targetProxy = C79953E3229F14E20032FACE /* PBXContainerItemProxy */;
		};
		C79953EF229F14E20032FACE /* PBXTargetDependency */ = {
			isa = PBXTargetDependency;
			target = C79953CD229F14E10032FACE /* HD Code for Good */;
			targetProxy = C79953EE229F14E20032FACE /* PBXContainerItemProxy */;
		};
/* End PBXTargetDependency section */

/* Begin PBXVariantGroup section */
		C79953D5229F14E10032FACE /* Main.storyboard */ = {
			isa = PBXVariantGroup;
			children = (
				C79953D6229F14E10032FACE /* Base */,
			);
			name = Main.storyboard;
			sourceTree = "<group>";
		};
		C79953DA229F14E20032FACE /* LaunchScreen.storyboard */ = {
			isa = PBXVariantGroup;
			children = (
				C79953DB229F14E20032FACE /* Base */,
			);
			name = LaunchScreen.storyboard;
			sourceTree = "<group>";
		};
/* End PBXVariantGroup section */

/* Begin XCBuildConfiguration section */
		C79953F4229F14E30032FACE /* Debug */ = {
			isa = XCBuildConfiguration;
			buildSettings = {
				ALWAYS_SEARCH_USER_PATHS = NO;
				CLANG_ANALYZER_NONNULL = YES;
				CLANG_ANALYZER_NUMBER_OBJECT_CONVERSION = YES_AGGRESSIVE;
				CLANG_CXX_LANGUAGE_STANDARD = "gnu++14";
				CLANG_CXX_LIBRARY = "libc++";
				CLANG_ENABLE_MODULES = YES;
				CLANG_ENABLE_OBJC_ARC = YES;
				CLANG_ENABLE_OBJC_WEAK = YES;
				CLANG_WARN_BLOCK_CAPTURE_AUTORELEASING = YES;
				CLANG_WARN_BOOL_CONVERSION = YES;
				CLANG_WARN_COMMA = YES;
				CLANG_WARN_CONSTANT_CONVERSION = YES;
				CLANG_WARN_DEPRECATED_OBJC_IMPLEMENTATIONS = YES;
				CLANG_WARN_DIRECT_OBJC_ISA_USAGE = YES_ERROR;
				CLANG_WARN_DOCUMENTATION_COMMENTS = YES;
				CLANG_WARN_EMPTY_BODY = YES;
				CLANG_WARN_ENUM_CONVERSION = YES;
				CLANG_WARN_INFINITE_RECURSION = YES;
				CLANG_WARN_INT_CONVERSION = YES;
				CLANG_WARN_NON_LITERAL_NULL_CONVERSION = YES;
				CLANG_WARN_OBJC_IMPLICIT_RETAIN_SELF = YES;
				CLANG_WARN_OBJC_LITERAL_CONVERSION = YES;
				CLANG_WARN_OBJC_ROOT_CLASS = YES_ERROR;
				CLANG_WARN_RANGE_LOOP_ANALYSIS = YES;
				CLANG_WARN_STRICT_PROTOTYPES = YES;
				CLANG_WARN_SUSPICIOUS_MOVE = YES;
				CLANG_WARN_UNGUARDED_AVAILABILITY = YES_AGGRESSIVE;
				CLANG_WARN_UNREACHABLE_CODE = YES;
				CLANG_WARN__DUPLICATE_METHOD_MATCH = YES;
				CODE_SIGN_IDENTITY = "iPhone Developer";
				COPY_PHASE_STRIP = NO;
				DEBUG_INFORMATION_FORMAT = dwarf;
				ENABLE_STRICT_OBJC_MSGSEND = YES;
				ENABLE_TESTABILITY = YES;
				GCC_C_LANGUAGE_STANDARD = gnu11;
				GCC_DYNAMIC_NO_PIC = NO;
				GCC_NO_COMMON_BLOCKS = YES;
				GCC_OPTIMIZATION_LEVEL = 0;
				GCC_PREPROCESSOR_DEFINITIONS = (
					"DEBUG=1",
					"$(inherited)",
				);
				GCC_WARN_64_TO_32_BIT_CONVERSION = YES;
				GCC_WARN_ABOUT_RETURN_TYPE = YES_ERROR;
				GCC_WARN_UNDECLARED_SELECTOR = YES;
				GCC_WARN_UNINITIALIZED_AUTOS = YES_AGGRESSIVE;
				GCC_WARN_UNUSED_FUNCTION = YES;
				GCC_WARN_UNUSED_VARIABLE = YES;
				IPHONEOS_DEPLOYMENT_TARGET = 12.2;
				MTL_ENABLE_DEBUG_INFO = INCLUDE_SOURCE;
				MTL_FAST_MATH = YES;
				ONLY_ACTIVE_ARCH = YES;
				SDKROOT = iphoneos;
				SWIFT_ACTIVE_COMPILATION_CONDITIONS = DEBUG;
				SWIFT_OPTIMIZATION_LEVEL = "-Onone";
			};
			name = Debug;
		};
		C79953F5229F14E30032FACE /* Release */ = {
			isa = XCBuildConfiguration;
			buildSettings = {
				ALWAYS_SEARCH_USER_PATHS = NO;
				CLANG_ANALYZER_NONNULL = YES;
				CLANG_ANALYZER_NUMBER_OBJECT_CONVERSION = YES_AGGRESSIVE;
				CLANG_CXX_LANGUAGE_STANDARD = "gnu++14";
				CLANG_CXX_LIBRARY = "libc++";
				CLANG_ENABLE_MODULES = YES;
				CLANG_ENABLE_OBJC_ARC = YES;
				CLANG_ENABLE_OBJC_WEAK = YES;
				CLANG_WARN_BLOCK_CAPTURE_AUTORELEASING = YES;
				CLANG_WARN_BOOL_CONVERSION = YES;
				CLANG_WARN_COMMA = YES;
				CLANG_WARN_CONSTANT_CONVERSION = YES;
				CLANG_WARN_DEPRECATED_OBJC_IMPLEMENTATIONS = YES;
				CLANG_WARN_DIRECT_OBJC_ISA_USAGE = YES_ERROR;
				CLANG_WARN_DOCUMENTATION_COMMENTS = YES;
				CLANG_WARN_EMPTY_BODY = YES;
				CLANG_WARN_ENUM_CONVERSION = YES;
				CLANG_WARN_INFINITE_RECURSION = YES;
				CLANG_WARN_INT_CONVERSION = YES;
				CLANG_WARN_NON_LITERAL_NULL_CONVERSION = YES;
				CLANG_WARN_OBJC_IMPLICIT_RETAIN_SELF = YES;
				CLANG_WARN_OBJC_LITERAL_CONVERSION = YES;
				CLANG_WARN_OBJC_ROOT_CLASS = YES_ERROR;
				CLANG_WARN_RANGE_LOOP_ANALYSIS = YES;
				CLANG_WARN_STRICT_PROTOTYPES = YES;
				CLANG_WARN_SUSPICIOUS_MOVE = YES;
				CLANG_WARN_UNGUARDED_AVAILABILITY = YES_AGGRESSIVE;
				CLANG_WARN_UNREACHABLE_CODE = YES;
				CLANG_WARN__DUPLICATE_METHOD_MATCH = YES;
				CODE_SIGN_IDENTITY = "iPhone Developer";
				COPY_PHASE_STRIP = NO;
				DEBUG_INFORMATION_FORMAT = "dwarf-with-dsym";
				ENABLE_NS_ASSERTIONS = NO;
				ENABLE_STRICT_OBJC_MSGSEND = YES;
				GCC_C_LANGUAGE_STANDARD = gnu11;
				GCC_NO_COMMON_BLOCKS = YES;
				GCC_WARN_64_TO_32_BIT_CONVERSION = YES;
				GCC_WARN_ABOUT_RETURN_TYPE = YES_ERROR;
				GCC_WARN_UNDECLARED_SELECTOR = YES;
				GCC_WARN_UNINITIALIZED_AUTOS = YES_AGGRESSIVE;
				GCC_WARN_UNUSED_FUNCTION = YES;
				GCC_WARN_UNUSED_VARIABLE = YES;
				IPHONEOS_DEPLOYMENT_TARGET = 12.2;
				MTL_ENABLE_DEBUG_INFO = NO;
				MTL_FAST_MATH = YES;
				SDKROOT = iphoneos;
				SWIFT_COMPILATION_MODE = wholemodule;
				SWIFT_OPTIMIZATION_LEVEL = "-O";
				VALIDATE_PRODUCT = YES;
			};
			name = Release;
		};
		C79953F7229F14E30032FACE /* Debug */ = {
			isa = XCBuildConfiguration;
			baseConfigurationReference = C1CAF10597454ED1B5446397 /* Pods-HD Code for Good.debug.xcconfig */;
			buildSettings = {
				ASSETCATALOG_COMPILER_APPICON_NAME = AppIcon;
				CODE_SIGN_STYLE = Automatic;
				DEVELOPMENT_TEAM = DG5G3Q88RG;
				INFOPLIST_FILE = "HD Code for Good/Info.plist";
				LD_RUNPATH_SEARCH_PATHS = (
					"$(inherited)",
					"@executable_path/Frameworks",
				);
				PRODUCT_BUNDLE_IDENTIFIER = "HackDuke.HD-Code-for-Good";
				PRODUCT_NAME = "$(TARGET_NAME)";
				SWIFT_VERSION = 5.0;
				TARGETED_DEVICE_FAMILY = "1,2";
			};
			name = Debug;
		};
		C79953F8229F14E30032FACE /* Release */ = {
			isa = XCBuildConfiguration;
			baseConfigurationReference = 3C7DFED7301D54591F2A5266 /* Pods-HD Code for Good.release.xcconfig */;
			buildSettings = {
				ASSETCATALOG_COMPILER_APPICON_NAME = AppIcon;
				CODE_SIGN_STYLE = Automatic;
				DEVELOPMENT_TEAM = DG5G3Q88RG;
				INFOPLIST_FILE = "HD Code for Good/Info.plist";
				LD_RUNPATH_SEARCH_PATHS = (
					"$(inherited)",
					"@executable_path/Frameworks",
				);
				PRODUCT_BUNDLE_IDENTIFIER = "HackDuke.HD-Code-for-Good";
				PRODUCT_NAME = "$(TARGET_NAME)";
				SWIFT_VERSION = 5.0;
				TARGETED_DEVICE_FAMILY = "1,2";
			};
			name = Release;
		};
		C79953FA229F14E30032FACE /* Debug */ = {
			isa = XCBuildConfiguration;
			baseConfigurationReference = B9BD6EF5D47A3EA8048ACEBC /* Pods-HD Code for GoodTests.debug.xcconfig */;
			buildSettings = {
				ALWAYS_EMBED_SWIFT_STANDARD_LIBRARIES = YES;
				BUNDLE_LOADER = "$(TEST_HOST)";
				CODE_SIGN_STYLE = Automatic;
				INFOPLIST_FILE = "HD Code for GoodTests/Info.plist";
				LD_RUNPATH_SEARCH_PATHS = (
					"$(inherited)",
					"@executable_path/Frameworks",
					"@loader_path/Frameworks",
				);
				PRODUCT_BUNDLE_IDENTIFIER = "HackDuke.HD-Code-for-GoodTests";
				PRODUCT_NAME = "$(TARGET_NAME)";
				SWIFT_VERSION = 5.0;
				TARGETED_DEVICE_FAMILY = "1,2";
				TEST_HOST = "$(BUILT_PRODUCTS_DIR)/HD Code for Good.app/HD Code for Good";
			};
			name = Debug;
		};
		C79953FB229F14E30032FACE /* Release */ = {
			isa = XCBuildConfiguration;
			baseConfigurationReference = 1ED3F046473866B8742DFBD6 /* Pods-HD Code for GoodTests.release.xcconfig */;
			buildSettings = {
				ALWAYS_EMBED_SWIFT_STANDARD_LIBRARIES = YES;
				BUNDLE_LOADER = "$(TEST_HOST)";
				CODE_SIGN_STYLE = Automatic;
				INFOPLIST_FILE = "HD Code for GoodTests/Info.plist";
				LD_RUNPATH_SEARCH_PATHS = (
					"$(inherited)",
					"@executable_path/Frameworks",
					"@loader_path/Frameworks",
				);
				PRODUCT_BUNDLE_IDENTIFIER = "HackDuke.HD-Code-for-GoodTests";
				PRODUCT_NAME = "$(TARGET_NAME)";
				SWIFT_VERSION = 5.0;
				TARGETED_DEVICE_FAMILY = "1,2";
				TEST_HOST = "$(BUILT_PRODUCTS_DIR)/HD Code for Good.app/HD Code for Good";
			};
			name = Release;
		};
		C79953FD229F14E30032FACE /* Debug */ = {
			isa = XCBuildConfiguration;
			baseConfigurationReference = 2912DA3CF1EC799CC7FB13B7 /* Pods-HD Code for GoodUITests.debug.xcconfig */;
			buildSettings = {
				ALWAYS_EMBED_SWIFT_STANDARD_LIBRARIES = YES;
				CODE_SIGN_STYLE = Automatic;
				INFOPLIST_FILE = "HD Code for GoodUITests/Info.plist";
				LD_RUNPATH_SEARCH_PATHS = (
					"$(inherited)",
					"@executable_path/Frameworks",
					"@loader_path/Frameworks",
				);
				PRODUCT_BUNDLE_IDENTIFIER = "HackDuke.HD-Code-for-GoodUITests";
				PRODUCT_NAME = "$(TARGET_NAME)";
				SWIFT_VERSION = 5.0;
				TARGETED_DEVICE_FAMILY = "1,2";
				TEST_TARGET_NAME = "HD Code for Good";
			};
			name = Debug;
		};
		C79953FE229F14E30032FACE /* Release */ = {
			isa = XCBuildConfiguration;
			baseConfigurationReference = 337ACA6708CF600719B9A302 /* Pods-HD Code for GoodUITests.release.xcconfig */;
			buildSettings = {
				ALWAYS_EMBED_SWIFT_STANDARD_LIBRARIES = YES;
				CODE_SIGN_STYLE = Automatic;
				INFOPLIST_FILE = "HD Code for GoodUITests/Info.plist";
				LD_RUNPATH_SEARCH_PATHS = (
					"$(inherited)",
					"@executable_path/Frameworks",
					"@loader_path/Frameworks",
				);
				PRODUCT_BUNDLE_IDENTIFIER = "HackDuke.HD-Code-for-GoodUITests";
				PRODUCT_NAME = "$(TARGET_NAME)";
				SWIFT_VERSION = 5.0;
				TARGETED_DEVICE_FAMILY = "1,2";
				TEST_TARGET_NAME = "HD Code for Good";
			};
			name = Release;
		};
/* End XCBuildConfiguration section */

/* Begin XCConfigurationList section */
		C79953C9229F14E10032FACE /* Build configuration list for PBXProject "HD Code for Good" */ = {
			isa = XCConfigurationList;
			buildConfigurations = (
				C79953F4229F14E30032FACE /* Debug */,
				C79953F5229F14E30032FACE /* Release */,
			);
			defaultConfigurationIsVisible = 0;
			defaultConfigurationName = Release;
		};
		C79953F6229F14E30032FACE /* Build configuration list for PBXNativeTarget "HD Code for Good" */ = {
			isa = XCConfigurationList;
			buildConfigurations = (
				C79953F7229F14E30032FACE /* Debug */,
				C79953F8229F14E30032FACE /* Release */,
			);
			defaultConfigurationIsVisible = 0;
			defaultConfigurationName = Release;
		};
		C79953F9229F14E30032FACE /* Build configuration list for PBXNativeTarget "HD Code for GoodTests" */ = {
			isa = XCConfigurationList;
			buildConfigurations = (
				C79953FA229F14E30032FACE /* Debug */,
				C79953FB229F14E30032FACE /* Release */,
			);
			defaultConfigurationIsVisible = 0;
			defaultConfigurationName = Release;
		};
		C79953FC229F14E30032FACE /* Build configuration list for PBXNativeTarget "HD Code for GoodUITests" */ = {
			isa = XCConfigurationList;
			buildConfigurations = (
				C79953FD229F14E30032FACE /* Debug */,
				C79953FE229F14E30032FACE /* Release */,
			);
			defaultConfigurationIsVisible = 0;
			defaultConfigurationName = Release;
		};
/* End XCConfigurationList section */
	};
	rootObject = C79953C6229F14E10032FACE /* Project object */;
}
